
Microsoft Visual Studio Solution File, Format Version 12.00
# Visual Studio 15
VisualStudioVersion = 15.0.28307.102
MinimumVisualStudioVersion = 10.0.40219.1
Project("{9A19103F-16F7-4668-BE54-9A1E7A4F7556}") = "SpotifyApi", "spotify-api\SpotifyApi.csproj", "{B36B4D03-3E62-4AEE-91C4-A0F78C7F3002}"
EndProject
Global
	GlobalSection(SolutionConfigurationPlatforms) = preSolution
		Debug|Any CPU = Debug|Any CPU
		Release|Any CPU = Release|Any CPU
	EndGlobalSection
	GlobalSection(ProjectConfigurationPlatforms) = postSolution
		{B36B4D03-3E62-4AEE-91C4-A0F78C7F3002}.Debug|Any CPU.ActiveCfg = Debug|Any CPU
		{B36B4D03-3E62-4AEE-91C4-A0F78C7F3002}.Debug|Any CPU.Build.0 = Debug|Any CPU
		{B36B4D03-3E62-4AEE-91C4-A0F78C7F3002}.Release|Any CPU.ActiveCfg = Release|Any CPU
		{B36B4D03-3E62-4AEE-91C4-A0F78C7F3002}.Release|Any CPU.Build.0 = Release|Any CPU
	EndGlobalSection
	GlobalSection(SolutionProperties) = preSolution
		HideSolutionNode = FALSE
	EndGlobalSection
	GlobalSection(ExtensibilityGlobals) = postSolution
		SolutionGuid = {46446F6F-2751-48EB-9D60-F5E0710A2E78}
	EndGlobalSection
EndGlobal
